// !$*UTF8*$!
{
	archiveVersion = 1;
	classes = {
	};
	objectVersion = 55;
	objects = {

/* Begin PBXBuildFile section */
		0C4921FB280BE5330008AAE6 /* SelectedImageCollectionViewCell.swift in Sources */ = {isa = PBXBuildFile; fileRef = 0C4921FA280BE5330008AAE6 /* SelectedImageCollectionViewCell.swift */; };
		0C82EF102806E19200752C29 /* AppDelegate.swift in Sources */ = {isa = PBXBuildFile; fileRef = 0C82EF0F2806E19200752C29 /* AppDelegate.swift */; };
		0C82EF122806E19200752C29 /* SceneDelegate.swift in Sources */ = {isa = PBXBuildFile; fileRef = 0C82EF112806E19200752C29 /* SceneDelegate.swift */; };
		0C82EF172806E19200752C29 /* Main.storyboard in Resources */ = {isa = PBXBuildFile; fileRef = 0C82EF152806E19200752C29 /* Main.storyboard */; };
		0C82EF192806E19300752C29 /* Assets.xcassets in Resources */ = {isa = PBXBuildFile; fileRef = 0C82EF182806E19300752C29 /* Assets.xcassets */; };
		0C82EF1C2806E19300752C29 /* LaunchScreen.storyboard in Resources */ = {isa = PBXBuildFile; fileRef = 0C82EF1A2806E19300752C29 /* LaunchScreen.storyboard */; };
		0C82EF242806E1E600752C29 /* HomeTapViewController.swift in Sources */ = {isa = PBXBuildFile; fileRef = 0C82EF232806E1E600752C29 /* HomeTapViewController.swift */; };
		0C82EF272806E38D00752C29 /* SnapKit in Frameworks */ = {isa = PBXBuildFile; productRef = 0C82EF262806E38D00752C29 /* SnapKit */; };
		0C82EF2A2807994200752C29 /* .swiftlint.yml in Resources */ = {isa = PBXBuildFile; fileRef = 0C82EF292807994200752C29 /* .swiftlint.yml */; };
		0C82EF2C2809309600752C29 /* TestViewController.swift in Sources */ = {isa = PBXBuildFile; fileRef = 0C82EF2B2809309600752C29 /* TestViewController.swift */; };
		0C82EF2E28093EB500752C29 /* RedViewController.swift in Sources */ = {isa = PBXBuildFile; fileRef = 0C82EF2D28093EB500752C29 /* RedViewController.swift */; };
		0C82EF322809588400752C29 /* PHAsset.swift in Sources */ = {isa = PBXBuildFile; fileRef = 0C82EF312809588400752C29 /* PHAsset.swift */; };
/* End PBXBuildFile section */

/* Begin PBXFileReference section */
		0C4921FA280BE5330008AAE6 /* SelectedImageCollectionViewCell.swift */ = {isa = PBXFileReference; lastKnownFileType = sourcecode.swift; path = SelectedImageCollectionViewCell.swift; sourceTree = "<group>"; };
		0C82EF0C2806E19200752C29 /* HomeTap.app */ = {isa = PBXFileReference; explicitFileType = wrapper.application; includeInIndex = 0; path = HomeTap.app; sourceTree = BUILT_PRODUCTS_DIR; };
		0C82EF0F2806E19200752C29 /* AppDelegate.swift */ = {isa = PBXFileReference; lastKnownFileType = sourcecode.swift; path = AppDelegate.swift; sourceTree = "<group>"; };
		0C82EF112806E19200752C29 /* SceneDelegate.swift */ = {isa = PBXFileReference; lastKnownFileType = sourcecode.swift; path = SceneDelegate.swift; sourceTree = "<group>"; };
		0C82EF162806E19200752C29 /* Base */ = {isa = PBXFileReference; lastKnownFileType = file.storyboard; name = Base; path = Base.lproj/Main.storyboard; sourceTree = "<group>"; };
		0C82EF182806E19300752C29 /* Assets.xcassets */ = {isa = PBXFileReference; lastKnownFileType = folder.assetcatalog; path = Assets.xcassets; sourceTree = "<group>"; };
		0C82EF1B2806E19300752C29 /* Base */ = {isa = PBXFileReference; lastKnownFileType = file.storyboard; name = Base; path = Base.lproj/LaunchScreen.storyboard; sourceTree = "<group>"; };
		0C82EF1D2806E19300752C29 /* Info.plist */ = {isa = PBXFileReference; lastKnownFileType = text.plist.xml; path = Info.plist; sourceTree = "<group>"; };
		0C82EF232806E1E600752C29 /* HomeTapViewController.swift */ = {isa = PBXFileReference; lastKnownFileType = sourcecode.swift; path = HomeTapViewController.swift; sourceTree = "<group>"; };
		0C82EF292807994200752C29 /* .swiftlint.yml */ = {isa = PBXFileReference; lastKnownFileType = text.yaml; path = .swiftlint.yml; sourceTree = "<group>"; };
		0C82EF2B2809309600752C29 /* TestViewController.swift */ = {isa = PBXFileReference; lastKnownFileType = sourcecode.swift; path = TestViewController.swift; sourceTree = "<group>"; };
		0C82EF2D28093EB500752C29 /* RedViewController.swift */ = {isa = PBXFileReference; lastKnownFileType = sourcecode.swift; path = RedViewController.swift; sourceTree = "<group>"; };
		0C82EF312809588400752C29 /* PHAsset.swift */ = {isa = PBXFileReference; lastKnownFileType = sourcecode.swift; path = PHAsset.swift; sourceTree = "<group>"; };
/* End PBXFileReference section */

/* Begin PBXFrameworksBuildPhase section */
		0C82EF092806E19200752C29 /* Frameworks */ = {
			isa = PBXFrameworksBuildPhase;
			buildActionMask = 2147483647;
			files = (
				0C82EF272806E38D00752C29 /* SnapKit in Frameworks */,
			);
			runOnlyForDeploymentPostprocessing = 0;
		};
/* End PBXFrameworksBuildPhase section */

/* Begin PBXGroup section */
		0C82EF032806E19200752C29 = {
			isa = PBXGroup;
			children = (
				0C82EF292807994200752C29 /* .swiftlint.yml */,
				0C82EF0E2806E19200752C29 /* HomeTap */,
				0C82EF0D2806E19200752C29 /* Products */,
			);
			sourceTree = "<group>";
		};
		0C82EF0D2806E19200752C29 /* Products */ = {
			isa = PBXGroup;
			children = (
				0C82EF0C2806E19200752C29 /* HomeTap.app */,
			);
			name = Products;
			sourceTree = "<group>";
		};
		0C82EF0E2806E19200752C29 /* HomeTap */ = {
			isa = PBXGroup;
			children = (
				0C82EF0F2806E19200752C29 /* AppDelegate.swift */,
				0C82EF112806E19200752C29 /* SceneDelegate.swift */,
				0C82EF232806E1E600752C29 /* HomeTapViewController.swift */,
				0C82EF312809588400752C29 /* PHAsset.swift */,
				0C82EF152806E19200752C29 /* Main.storyboard */,
				0C82EF182806E19300752C29 /* Assets.xcassets */,
				0C82EF1A2806E19300752C29 /* LaunchScreen.storyboard */,
				0C82EF1D2806E19300752C29 /* Info.plist */,
				0C82EF2B2809309600752C29 /* TestViewController.swift */,
				0C82EF2D28093EB500752C29 /* RedViewController.swift */,
				0C4921FA280BE5330008AAE6 /* SelectedImageCollectionViewCell.swift */,
			);
			path = HomeTap;
			sourceTree = "<group>";
		};
/* End PBXGroup section */

/* Begin PBXNativeTarget section */
		0C82EF0B2806E19200752C29 /* HomeTap */ = {
			isa = PBXNativeTarget;
			buildConfigurationList = 0C82EF202806E19300752C29 /* Build configuration list for PBXNativeTarget "HomeTap" */;
			buildPhases = (
				0C82EF28280702C100752C29 /* SwiftLint */,
				0C82EF082806E19200752C29 /* Sources */,
				0C82EF092806E19200752C29 /* Frameworks */,
				0C82EF0A2806E19200752C29 /* Resources */,
			);
			buildRules = (
			);
			dependencies = (
			);
			name = HomeTap;
			packageProductDependencies = (
				0C82EF262806E38D00752C29 /* SnapKit */,
			);
			productName = HomeTap;
			productReference = 0C82EF0C2806E19200752C29 /* HomeTap.app */;
			productType = "com.apple.product-type.application";
		};
/* End PBXNativeTarget section */

/* Begin PBXProject section */
		0C82EF042806E19200752C29 /* Project object */ = {
			isa = PBXProject;
			attributes = {
				BuildIndependentTargetsInParallel = 1;
				LastSwiftUpdateCheck = 1330;
				LastUpgradeCheck = 1330;
				TargetAttributes = {
					0C82EF0B2806E19200752C29 = {
						CreatedOnToolsVersion = 13.3.1;
					};
				};
			};
			buildConfigurationList = 0C82EF072806E19200752C29 /* Build configuration list for PBXProject "HomeTap" */;
			compatibilityVersion = "Xcode 13.0";
			developmentRegion = en;
			hasScannedForEncodings = 0;
			knownRegions = (
				en,
				Base,
			);
			mainGroup = 0C82EF032806E19200752C29;
			packageReferences = (
				0C82EF252806E38D00752C29 /* XCRemoteSwiftPackageReference "SnapKit" */,
			);
			productRefGroup = 0C82EF0D2806E19200752C29 /* Products */;
			projectDirPath = "";
			projectRoot = "";
			targets = (
				0C82EF0B2806E19200752C29 /* HomeTap */,
			);
		};
/* End PBXProject section */

/* Begin PBXResourcesBuildPhase section */
		0C82EF0A2806E19200752C29 /* Resources */ = {
			isa = PBXResourcesBuildPhase;
			buildActionMask = 2147483647;
			files = (
				0C82EF2A2807994200752C29 /* .swiftlint.yml in Resources */,
				0C82EF1C2806E19300752C29 /* LaunchScreen.storyboard in Resources */,
				0C82EF192806E19300752C29 /* Assets.xcassets in Resources */,
				0C82EF172806E19200752C29 /* Main.storyboard in Resources */,
			);
			runOnlyForDeploymentPostprocessing = 0;
		};
/* End PBXResourcesBuildPhase section */

/* Begin PBXShellScriptBuildPhase section */
		0C82EF28280702C100752C29 /* SwiftLint */ = {
			isa = PBXShellScriptBuildPhase;
			buildActionMask = 2147483647;
			files = (
			);
			inputFileListPaths = (
			);
			inputPaths = (
			);
			name = SwiftLint;
			outputFileListPaths = (
			);
			outputPaths = (
			);
			runOnlyForDeploymentPostprocessing = 0;
			shellPath = /bin/sh;
			shellScript = "export PATH=\"$PATH:/opt/homebrew/bin\"\nif which swiftlint > /dev/null; then\n  swiftlint\nelse\n  echo \"warning: SwiftLint not installed, download from https://github.com/realm/SwiftLint\"\nfi\n";
		};
/* End PBXShellScriptBuildPhase section */

/* Begin PBXSourcesBuildPhase section */
		0C82EF082806E19200752C29 /* Sources */ = {
			isa = PBXSourcesBuildPhase;
			buildActionMask = 2147483647;
			files = (
				0C82EF322809588400752C29 /* PHAsset.swift in Sources */,
				0C82EF2E28093EB500752C29 /* RedViewController.swift in Sources */,
				0C82EF242806E1E600752C29 /* HomeTapViewController.swift in Sources */,
				0C82EF102806E19200752C29 /* AppDelegate.swift in Sources */,
				0C82EF2C2809309600752C29 /* TestViewController.swift in Sources */,
				0C4921FB280BE5330008AAE6 /* SelectedImageCollectionViewCell.swift in Sources */,
				0C82EF122806E19200752C29 /* SceneDelegate.swift in Sources */,
			);
			runOnlyForDeploymentPostprocessing = 0;
		};
/* End PBXSourcesBuildPhase section */

/* Begin PBXVariantGroup section */
		0C82EF152806E19200752C29 /* Main.storyboard */ = {
			isa = PBXVariantGroup;
			children = (
				0C82EF162806E19200752C29 /* Base */,
			);
			name = Main.storyboard;
			sourceTree = "<group>";
		};
		0C82EF1A2806E19300752C29 /* LaunchScreen.storyboard */ = {
			isa = PBXVariantGroup;
			children = (
				0C82EF1B2806E19300752C29 /* Base */,
			);
			name = LaunchScreen.storyboard;
			sourceTree = "<group>";
		};
/* End PBXVariantGroup section */

/* Begin XCBuildConfiguration section */
		0C82EF1E2806E19300752C29 /* Debug */ = {
			isa = XCBuildConfiguration;
			buildSettings = {
				ALWAYS_SEARCH_USER_PATHS = NO;
				CLANG_ANALYZER_NONNULL = YES;
				CLANG_ANALYZER_NUMBER_OBJECT_CONVERSION = YES_AGGRESSIVE;
				CLANG_CXX_LANGUAGE_STANDARD = "gnu++17";
				CLANG_ENABLE_MODULES = YES;
				CLANG_ENABLE_OBJC_ARC = YES;
				CLANG_ENABLE_OBJC_WEAK = YES;
				CLANG_WARN_BLOCK_CAPTURE_AUTORELEASING = YES;
				CLANG_WARN_BOOL_CONVERSION = YES;
				CLANG_WARN_COMMA = YES;
				CLANG_WARN_CONSTANT_CONVERSION = YES;
				CLANG_WARN_DEPRECATED_OBJC_IMPLEMENTATIONS = YES;
				CLANG_WARN_DIRECT_OBJC_ISA_USAGE = YES_ERROR;
				CLANG_WARN_DOCUMENTATION_COMMENTS = YES;
				CLANG_WARN_EMPTY_BODY = YES;
				CLANG_WARN_ENUM_CONVERSION = YES;
				CLANG_WARN_INFINITE_RECURSION = YES;
				CLANG_WARN_INT_CONVERSION = YES;
				CLANG_WARN_NON_LITERAL_NULL_CONVERSION = YES;
				CLANG_WARN_OBJC_IMPLICIT_RETAIN_SELF = YES;
				CLANG_WARN_OBJC_LITERAL_CONVERSION = YES;
				CLANG_WARN_OBJC_ROOT_CLASS = YES_ERROR;
				CLANG_WARN_QUOTED_INCLUDE_IN_FRAMEWORK_HEADER = YES;
				CLANG_WARN_RANGE_LOOP_ANALYSIS = YES;
				CLANG_WARN_STRICT_PROTOTYPES = YES;
				CLANG_WARN_SUSPICIOUS_MOVE = YES;
				CLANG_WARN_UNGUARDED_AVAILABILITY = YES_AGGRESSIVE;
				CLANG_WARN_UNREACHABLE_CODE = YES;
				CLANG_WARN__DUPLICATE_METHOD_MATCH = YES;
				COPY_PHASE_STRIP = NO;
				DEBUG_INFORMATION_FORMAT = dwarf;
				ENABLE_STRICT_OBJC_MSGSEND = YES;
				ENABLE_TESTABILITY = YES;
				GCC_C_LANGUAGE_STANDARD = gnu11;
				GCC_DYNAMIC_NO_PIC = NO;
				GCC_NO_COMMON_BLOCKS = YES;
				GCC_OPTIMIZATION_LEVEL = 0;
				GCC_PREPROCESSOR_DEFINITIONS = (
					"DEBUG=1",
					"$(inherited)",
				);
				GCC_WARN_64_TO_32_BIT_CONVERSION = YES;
				GCC_WARN_ABOUT_RETURN_TYPE = YES_ERROR;
				GCC_WARN_UNDECLARED_SELECTOR = YES;
				GCC_WARN_UNINITIALIZED_AUTOS = YES_AGGRESSIVE;
				GCC_WARN_UNUSED_FUNCTION = YES;
				GCC_WARN_UNUSED_VARIABLE = YES;
				IPHONEOS_DEPLOYMENT_TARGET = 15.4;
				MTL_ENABLE_DEBUG_INFO = INCLUDE_SOURCE;
				MTL_FAST_MATH = YES;
				ONLY_ACTIVE_ARCH = YES;
				SDKROOT = iphoneos;
				SWIFT_ACTIVE_COMPILATION_CONDITIONS = DEBUG;
				SWIFT_OPTIMIZATION_LEVEL = "-Onone";
			};
			name = Debug;
		};
		0C82EF1F2806E19300752C29 /* Release */ = {
			isa = XCBuildConfiguration;
			buildSettings = {
				ALWAYS_SEARCH_USER_PATHS = NO;
				CLANG_ANALYZER_NONNULL = YES;
				CLANG_ANALYZER_NUMBER_OBJECT_CONVERSION = YES_AGGRESSIVE;
				CLANG_CXX_LANGUAGE_STANDARD = "gnu++17";
				CLANG_ENABLE_MODULES = YES;
				CLANG_ENABLE_OBJC_ARC = YES;
				CLANG_ENABLE_OBJC_WEAK = YES;
				CLANG_WARN_BLOCK_CAPTURE_AUTORELEASING = YES;
				CLANG_WARN_BOOL_CONVERSION = YES;
				CLANG_WARN_COMMA = YES;
				CLANG_WARN_CONSTANT_CONVERSION = YES;
				CLANG_WARN_DEPRECATED_OBJC_IMPLEMENTATIONS = YES;
				CLANG_WARN_DIRECT_OBJC_ISA_USAGE = YES_ERROR;
				CLANG_WARN_DOCUMENTATION_COMMENTS = YES;
				CLANG_WARN_EMPTY_BODY = YES;
				CLANG_WARN_ENUM_CONVERSION = YES;
				CLANG_WARN_INFINITE_RECURSION = YES;
				CLANG_WARN_INT_CONVERSION = YES;
				CLANG_WARN_NON_LITERAL_NULL_CONVERSION = YES;
				CLANG_WARN_OBJC_IMPLICIT_RETAIN_SELF = YES;
				CLANG_WARN_OBJC_LITERAL_CONVERSION = YES;
				CLANG_WARN_OBJC_ROOT_CLASS = YES_ERROR;
				CLANG_WARN_QUOTED_INCLUDE_IN_FRAMEWORK_HEADER = YES;
				CLANG_WARN_RANGE_LOOP_ANALYSIS = YES;
				CLANG_WARN_STRICT_PROTOTYPES = YES;
				CLANG_WARN_SUSPICIOUS_MOVE = YES;
				CLANG_WARN_UNGUARDED_AVAILABILITY = YES_AGGRESSIVE;
				CLANG_WARN_UNREACHABLE_CODE = YES;
				CLANG_WARN__DUPLICATE_METHOD_MATCH = YES;
				COPY_PHASE_STRIP = NO;
				DEBUG_INFORMATION_FORMAT = "dwarf-with-dsym";
				ENABLE_NS_ASSERTIONS = NO;
				ENABLE_STRICT_OBJC_MSGSEND = YES;
				GCC_C_LANGUAGE_STANDARD = gnu11;
				GCC_NO_COMMON_BLOCKS = YES;
				GCC_WARN_64_TO_32_BIT_CONVERSION = YES;
				GCC_WARN_ABOUT_RETURN_TYPE = YES_ERROR;
				GCC_WARN_UNDECLARED_SELECTOR = YES;
				GCC_WARN_UNINITIALIZED_AUTOS = YES_AGGRESSIVE;
				GCC_WARN_UNUSED_FUNCTION = YES;
				GCC_WARN_UNUSED_VARIABLE = YES;
				IPHONEOS_DEPLOYMENT_TARGET = 15.4;
				MTL_ENABLE_DEBUG_INFO = NO;
				MTL_FAST_MATH = YES;
				SDKROOT = iphoneos;
				SWIFT_COMPILATION_MODE = wholemodule;
				SWIFT_OPTIMIZATION_LEVEL = "-O";
				VALIDATE_PRODUCT = YES;
			};
			name = Release;
		};
		0C82EF212806E19300752C29 /* Debug */ = {
			isa = XCBuildConfiguration;
			buildSettings = {
				ASSETCATALOG_COMPILER_APPICON_NAME = AppIcon;
				ASSETCATALOG_COMPILER_GLOBAL_ACCENT_COLOR_NAME = AccentColor;
				CODE_SIGN_STYLE = Automatic;
				CURRENT_PROJECT_VERSION = 1;
				DEVELOPMENT_TEAM = YUZ5T845Y6;
				GENERATE_INFOPLIST_FILE = YES;
				INFOPLIST_FILE = HomeTap/Info.plist;
				INFOPLIST_KEY_NSPhotoLibraryUsageDescription = "require your photo";
				INFOPLIST_KEY_UIApplicationSupportsIndirectInputEvents = YES;
				INFOPLIST_KEY_UILaunchStoryboardName = LaunchScreen;
				INFOPLIST_KEY_UIMainStoryboardFile = Main;
				INFOPLIST_KEY_UISupportedInterfaceOrientations_iPad = "UIInterfaceOrientationPortrait UIInterfaceOrientationPortraitUpsideDown UIInterfaceOrientationLandscapeLeft UIInterfaceOrientationLandscapeRight";
				INFOPLIST_KEY_UISupportedInterfaceOrientations_iPhone = "UIInterfaceOrientationPortrait UIInterfaceOrientationLandscapeLeft UIInterfaceOrientationLandscapeRight";
				IPHONEOS_DEPLOYMENT_TARGET = 15.0;
				LD_RUNPATH_SEARCH_PATHS = (
					"$(inherited)",
					"@executable_path/Frameworks",
				);
				MARKETING_VERSION = 1.0;
				PRODUCT_BUNDLE_IDENTIFIER = com.PhotyPeta.Photypeta.HomeTap;
				PRODUCT_NAME = "$(TARGET_NAME)";
				SWIFT_EMIT_LOC_STRINGS = YES;
				SWIFT_VERSION = 5.0;
				TARGETED_DEVICE_FAMILY = "1,2";
			};
			name = Debug;
		};
		0C82EF222806E19300752C29 /* Release */ = {
			isa = XCBuildConfiguration;
			buildSettings = {
				ASSETCATALOG_COMPILER_APPICON_NAME = AppIcon;
				ASSETCATALOG_COMPILER_GLOBAL_ACCENT_COLOR_NAME = AccentColor;
				CODE_SIGN_STYLE = Automatic;
				CURRENT_PROJECT_VERSION = 1;
				DEVELOPMENT_TEAM = YUZ5T845Y6;
				GENERATE_INFOPLIST_FILE = YES;
				INFOPLIST_FILE = HomeTap/Info.plist;
				INFOPLIST_KEY_NSPhotoLibraryUsageDescription = "require your photo";
				INFOPLIST_KEY_UIApplicationSupportsIndirectInputEvents = YES;
				INFOPLIST_KEY_UILaunchStoryboardName = LaunchScreen;
				INFOPLIST_KEY_UIMainStoryboardFile = Main;
				INFOPLIST_KEY_UISupportedInterfaceOrientations_iPad = "UIInterfaceOrientationPortrait UIInterfaceOrientationPortraitUpsideDown UIInterfaceOrientationLandscapeLeft UIInterfaceOrientationLandscapeRight";
				INFOPLIST_KEY_UISupportedInterfaceOrientations_iPhone = "UIInterfaceOrientationPortrait UIInterfaceOrientationLandscapeLeft UIInterfaceOrientationLandscapeRight";
				IPHONEOS_DEPLOYMENT_TARGET = 15.0;
				LD_RUNPATH_SEARCH_PATHS = (
					"$(inherited)",
					"@executable_path/Frameworks",
				);
				MARKETING_VERSION = 1.0;
				PRODUCT_BUNDLE_IDENTIFIER = com.PhotyPeta.Photypeta.HomeTap;
				PRODUCT_NAME = "$(TARGET_NAME)";
				SWIFT_EMIT_LOC_STRINGS = YES;
				SWIFT_VERSION = 5.0;
				TARGETED_DEVICE_FAMILY = "1,2";
			};
			name = Release;
		};
/* End XCBuildConfiguration section */

/* Begin XCConfigurationList section */
		0C82EF072806E19200752C29 /* Build configuration list for PBXProject "HomeTap" */ = {
			isa = XCConfigurationList;
			buildConfigurations = (
				0C82EF1E2806E19300752C29 /* Debug */,
				0C82EF1F2806E19300752C29 /* Release */,
			);
			defaultConfigurationIsVisible = 0;
			defaultConfigurationName = Release;
		};
		0C82EF202806E19300752C29 /* Build configuration list for PBXNativeTarget "HomeTap" */ = {
			isa = XCConfigurationList;
			buildConfigurations = (
				0C82EF212806E19300752C29 /* Debug */,
				0C82EF222806E19300752C29 /* Release */,
			);
			defaultConfigurationIsVisible = 0;
			defaultConfigurationName = Release;
		};
/* End XCConfigurationList section */

/* Begin XCRemoteSwiftPackageReference section */
		0C82EF252806E38D00752C29 /* XCRemoteSwiftPackageReference "SnapKit" */ = {
			isa = XCRemoteSwiftPackageReference;
			repositoryURL = "https://github.com/SnapKit/SnapKit";
			requirement = {
				kind = upToNextMajorVersion;
				minimumVersion = 5.0.0;
			};
		};
/* End XCRemoteSwiftPackageReference section */

/* Begin XCSwiftPackageProductDependency section */
		0C82EF262806E38D00752C29 /* SnapKit */ = {
			isa = XCSwiftPackageProductDependency;
			package = 0C82EF252806E38D00752C29 /* XCRemoteSwiftPackageReference "SnapKit" */;
			productName = SnapKit;
		};
/* End XCSwiftPackageProductDependency section */
	};
	rootObject = 0C82EF042806E19200752C29 /* Project object */;
}
