// !$*UTF8*$!
{
	archiveVersion = 1;
	classes = {
	};
	objectVersion = 55;
	objects = {

/* Begin PBXBuildFile section */
		0C2F9FEB27FD127900014709 /* AppDelegate.swift in Sources */ = {isa = PBXBuildFile; fileRef = 0C2F9FEA27FD127900014709 /* AppDelegate.swift */; };
		0C2F9FED27FD127900014709 /* SceneDelegate.swift in Sources */ = {isa = PBXBuildFile; fileRef = 0C2F9FEC27FD127900014709 /* SceneDelegate.swift */; };
		0C2F9FEF27FD127900014709 /* ViewController.swift in Sources */ = {isa = PBXBuildFile; fileRef = 0C2F9FEE27FD127900014709 /* ViewController.swift */; };
		0C2F9FF227FD127900014709 /* Main.storyboard in Resources */ = {isa = PBXBuildFile; fileRef = 0C2F9FF027FD127900014709 /* Main.storyboard */; };
		0C2F9FF427FD127A00014709 /* Assets.xcassets in Resources */ = {isa = PBXBuildFile; fileRef = 0C2F9FF327FD127A00014709 /* Assets.xcassets */; };
		0C2F9FF727FD127A00014709 /* LaunchScreen.storyboard in Resources */ = {isa = PBXBuildFile; fileRef = 0C2F9FF527FD127A00014709 /* LaunchScreen.storyboard */; };
		0C2F9FFF27FD16F800014709 /* CustomCollectionViewCell.swift in Sources */ = {isa = PBXBuildFile; fileRef = 0C2F9FFE27FD16F800014709 /* CustomCollectionViewCell.swift */; };
		0C528EF127FEB99000583A6E /* AlbumsViewController.swift in Sources */ = {isa = PBXBuildFile; fileRef = 0C528EF027FEB99000583A6E /* AlbumsViewController.swift */; };
		0C528EF327FEBA8700583A6E /* PhotosViewController.swift in Sources */ = {isa = PBXBuildFile; fileRef = 0C528EF227FEBA8700583A6E /* PhotosViewController.swift */; };
		0C528EF627FEBB1C00583A6E /* AlbumCollectionViewCell.swift in Sources */ = {isa = PBXBuildFile; fileRef = 0C528EF527FEBB1C00583A6E /* AlbumCollectionViewCell.swift */; };
		0C528EF827FEBB3200583A6E /* PhotoCollectionViewCell.swift in Sources */ = {isa = PBXBuildFile; fileRef = 0C528EF727FEBB3200583A6E /* PhotoCollectionViewCell.swift */; };
		0C528EFC27FEC0EF00583A6E /* PHAssetCollection.swift in Sources */ = {isa = PBXBuildFile; fileRef = 0C528EFB27FEC0EF00583A6E /* PHAssetCollection.swift */; };
		0C528F0027FED27300583A6E /* PhotoLibrary.swift in Sources */ = {isa = PBXBuildFile; fileRef = 0C528EFF27FED27300583A6E /* PhotoLibrary.swift */; };
		0C528F0227FED37A00583A6E /* PHAsset.swift in Sources */ = {isa = PBXBuildFile; fileRef = 0C528F0127FED37A00583A6E /* PHAsset.swift */; };
		0C52C69E27FE7AE900342FAC /* ImageViewController.swift in Sources */ = {isa = PBXBuildFile; fileRef = 0C52C69D27FE7AE900342FAC /* ImageViewController.swift */; };
/* End PBXBuildFile section */

/* Begin PBXFileReference section */
		0C2F9FE727FD127900014709 /* BuildingTabBarVC.app */ = {isa = PBXFileReference; explicitFileType = wrapper.application; includeInIndex = 0; path = BuildingTabBarVC.app; sourceTree = BUILT_PRODUCTS_DIR; };
		0C2F9FEA27FD127900014709 /* AppDelegate.swift */ = {isa = PBXFileReference; lastKnownFileType = sourcecode.swift; path = AppDelegate.swift; sourceTree = "<group>"; };
		0C2F9FEC27FD127900014709 /* SceneDelegate.swift */ = {isa = PBXFileReference; lastKnownFileType = sourcecode.swift; path = SceneDelegate.swift; sourceTree = "<group>"; };
		0C2F9FEE27FD127900014709 /* ViewController.swift */ = {isa = PBXFileReference; lastKnownFileType = sourcecode.swift; path = ViewController.swift; sourceTree = "<group>"; };
		0C2F9FF127FD127900014709 /* Base */ = {isa = PBXFileReference; lastKnownFileType = file.storyboard; name = Base; path = Base.lproj/Main.storyboard; sourceTree = "<group>"; };
		0C2F9FF327FD127A00014709 /* Assets.xcassets */ = {isa = PBXFileReference; lastKnownFileType = folder.assetcatalog; path = Assets.xcassets; sourceTree = "<group>"; };
		0C2F9FF627FD127A00014709 /* Base */ = {isa = PBXFileReference; lastKnownFileType = file.storyboard; name = Base; path = Base.lproj/LaunchScreen.storyboard; sourceTree = "<group>"; };
		0C2F9FF827FD127A00014709 /* Info.plist */ = {isa = PBXFileReference; lastKnownFileType = text.plist.xml; path = Info.plist; sourceTree = "<group>"; };
		0C2F9FFE27FD16F800014709 /* CustomCollectionViewCell.swift */ = {isa = PBXFileReference; lastKnownFileType = sourcecode.swift; path = CustomCollectionViewCell.swift; sourceTree = "<group>"; };
		0C528EF027FEB99000583A6E /* AlbumsViewController.swift */ = {isa = PBXFileReference; lastKnownFileType = sourcecode.swift; path = AlbumsViewController.swift; sourceTree = "<group>"; };
		0C528EF227FEBA8700583A6E /* PhotosViewController.swift */ = {isa = PBXFileReference; lastKnownFileType = sourcecode.swift; path = PhotosViewController.swift; sourceTree = "<group>"; };
		0C528EF527FEBB1C00583A6E /* AlbumCollectionViewCell.swift */ = {isa = PBXFileReference; lastKnownFileType = sourcecode.swift; path = AlbumCollectionViewCell.swift; sourceTree = "<group>"; };
		0C528EF727FEBB3200583A6E /* PhotoCollectionViewCell.swift */ = {isa = PBXFileReference; lastKnownFileType = sourcecode.swift; path = PhotoCollectionViewCell.swift; sourceTree = "<group>"; };
		0C528EFB27FEC0EF00583A6E /* PHAssetCollection.swift */ = {isa = PBXFileReference; lastKnownFileType = sourcecode.swift; path = PHAssetCollection.swift; sourceTree = "<group>"; };
		0C528EFF27FED27300583A6E /* PhotoLibrary.swift */ = {isa = PBXFileReference; lastKnownFileType = sourcecode.swift; path = PhotoLibrary.swift; sourceTree = "<group>"; };
		0C528F0127FED37A00583A6E /* PHAsset.swift */ = {isa = PBXFileReference; lastKnownFileType = sourcecode.swift; path = PHAsset.swift; sourceTree = "<group>"; };
		0C52C69D27FE7AE900342FAC /* ImageViewController.swift */ = {isa = PBXFileReference; lastKnownFileType = sourcecode.swift; path = ImageViewController.swift; sourceTree = "<group>"; };
/* End PBXFileReference section */

/* Begin PBXFrameworksBuildPhase section */
		0C2F9FE427FD127900014709 /* Frameworks */ = {
			isa = PBXFrameworksBuildPhase;
			buildActionMask = 2147483647;
			files = (
			);
			runOnlyForDeploymentPostprocessing = 0;
		};
/* End PBXFrameworksBuildPhase section */

/* Begin PBXGroup section */
		0C2F9FDE27FD127900014709 = {
			isa = PBXGroup;
			children = (
				0C2F9FE927FD127900014709 /* BuildingTabBarVC */,
				0C2F9FE827FD127900014709 /* Products */,
			);
			sourceTree = "<group>";
		};
		0C2F9FE827FD127900014709 /* Products */ = {
			isa = PBXGroup;
			children = (
				0C2F9FE727FD127900014709 /* BuildingTabBarVC.app */,
			);
			name = Products;
			sourceTree = "<group>";
		};
		0C2F9FE927FD127900014709 /* BuildingTabBarVC */ = {
			isa = PBXGroup;
			children = (
				0C528EE827FEB8CE00583A6E /* PhotoExtension */,
				0C528EF427FEBAFB00583A6E /* View */,
				0C528EEF27FEB97300583A6E /* ViewControllers */,
				0C2F9FEA27FD127900014709 /* AppDelegate.swift */,
				0C2F9FEC27FD127900014709 /* SceneDelegate.swift */,
				0C2F9FF027FD127900014709 /* Main.storyboard */,
				0C2F9FF327FD127A00014709 /* Assets.xcassets */,
				0C2F9FF527FD127A00014709 /* LaunchScreen.storyboard */,
				0C2F9FF827FD127A00014709 /* Info.plist */,
			);
			path = BuildingTabBarVC;
			sourceTree = "<group>";
		};
		0C528EE827FEB8CE00583A6E /* PhotoExtension */ = {
			isa = PBXGroup;
			children = (
				0C528F0127FED37A00583A6E /* PHAsset.swift */,
				0C528EFB27FEC0EF00583A6E /* PHAssetCollection.swift */,
				0C528EFF27FED27300583A6E /* PhotoLibrary.swift */,
			);
			path = PhotoExtension;
			sourceTree = "<group>";
		};
		0C528EEF27FEB97300583A6E /* ViewControllers */ = {
			isa = PBXGroup;
			children = (
				0C528EF027FEB99000583A6E /* AlbumsViewController.swift */,
				0C528EF227FEBA8700583A6E /* PhotosViewController.swift */,
				0C2F9FEE27FD127900014709 /* ViewController.swift */,
				0C52C69D27FE7AE900342FAC /* ImageViewController.swift */,
			);
			path = ViewControllers;
			sourceTree = "<group>";
		};
		0C528EF427FEBAFB00583A6E /* View */ = {
			isa = PBXGroup;
			children = (
				0C528EF527FEBB1C00583A6E /* AlbumCollectionViewCell.swift */,
				0C528EF727FEBB3200583A6E /* PhotoCollectionViewCell.swift */,
				0C2F9FFE27FD16F800014709 /* CustomCollectionViewCell.swift */,
			);
			path = View;
			sourceTree = "<group>";
		};
/* End PBXGroup section */

/* Begin PBXNativeTarget section */
		0C2F9FE627FD127900014709 /* BuildingTabBarVC */ = {
			isa = PBXNativeTarget;
			buildConfigurationList = 0C2F9FFB27FD127A00014709 /* Build configuration list for PBXNativeTarget "BuildingTabBarVC" */;
			buildPhases = (
				0C2F9FE327FD127900014709 /* Sources */,
				0C2F9FE427FD127900014709 /* Frameworks */,
				0C2F9FE527FD127900014709 /* Resources */,
			);
			buildRules = (
			);
			dependencies = (
			);
			name = BuildingTabBarVC;
			productName = BuildingTabBarVC;
			productReference = 0C2F9FE727FD127900014709 /* BuildingTabBarVC.app */;
			productType = "com.apple.product-type.application";
		};
/* End PBXNativeTarget section */

/* Begin PBXProject section */
		0C2F9FDF27FD127900014709 /* Project object */ = {
			isa = PBXProject;
			attributes = {
				BuildIndependentTargetsInParallel = 1;
				LastSwiftUpdateCheck = 1330;
				LastUpgradeCheck = 1330;
				TargetAttributes = {
					0C2F9FE627FD127900014709 = {
						CreatedOnToolsVersion = 13.3;
					};
				};
			};
			buildConfigurationList = 0C2F9FE227FD127900014709 /* Build configuration list for PBXProject "BuildingTabBarVC" */;
			compatibilityVersion = "Xcode 13.0";
			developmentRegion = en;
			hasScannedForEncodings = 0;
			knownRegions = (
				en,
				Base,
			);
			mainGroup = 0C2F9FDE27FD127900014709;
			productRefGroup = 0C2F9FE827FD127900014709 /* Products */;
			projectDirPath = "";
			projectRoot = "";
			targets = (
				0C2F9FE627FD127900014709 /* BuildingTabBarVC */,
			);
		};
/* End PBXProject section */

/* Begin PBXResourcesBuildPhase section */
		0C2F9FE527FD127900014709 /* Resources */ = {
			isa = PBXResourcesBuildPhase;
			buildActionMask = 2147483647;
			files = (
				0C2F9FF727FD127A00014709 /* LaunchScreen.storyboard in Resources */,
				0C2F9FF427FD127A00014709 /* Assets.xcassets in Resources */,
				0C2F9FF227FD127900014709 /* Main.storyboard in Resources */,
			);
			runOnlyForDeploymentPostprocessing = 0;
		};
/* End PBXResourcesBuildPhase section */

/* Begin PBXSourcesBuildPhase section */
		0C2F9FE327FD127900014709 /* Sources */ = {
			isa = PBXSourcesBuildPhase;
			buildActionMask = 2147483647;
			files = (
				0C528F0227FED37A00583A6E /* PHAsset.swift in Sources */,
				0C528EF627FEBB1C00583A6E /* AlbumCollectionViewCell.swift in Sources */,
				0C528EF827FEBB3200583A6E /* PhotoCollectionViewCell.swift in Sources */,
				0C528EFC27FEC0EF00583A6E /* PHAssetCollection.swift in Sources */,
				0C2F9FEF27FD127900014709 /* ViewController.swift in Sources */,
				0C528EF327FEBA8700583A6E /* PhotosViewController.swift in Sources */,
				0C2F9FEB27FD127900014709 /* AppDelegate.swift in Sources */,
				0C528F0027FED27300583A6E /* PhotoLibrary.swift in Sources */,
				0C52C69E27FE7AE900342FAC /* ImageViewController.swift in Sources */,
				0C528EF127FEB99000583A6E /* AlbumsViewController.swift in Sources */,
				0C2F9FED27FD127900014709 /* SceneDelegate.swift in Sources */,
				0C2F9FFF27FD16F800014709 /* CustomCollectionViewCell.swift in Sources */,
			);
			runOnlyForDeploymentPostprocessing = 0;
		};
/* End PBXSourcesBuildPhase section */

/* Begin PBXVariantGroup section */
		0C2F9FF027FD127900014709 /* Main.storyboard */ = {
			isa = PBXVariantGroup;
			children = (
				0C2F9FF127FD127900014709 /* Base */,
			);
			name = Main.storyboard;
			sourceTree = "<group>";
		};
		0C2F9FF527FD127A00014709 /* LaunchScreen.storyboard */ = {
			isa = PBXVariantGroup;
			children = (
				0C2F9FF627FD127A00014709 /* Base */,
			);
			name = LaunchScreen.storyboard;
			sourceTree = "<group>";
		};
/* End PBXVariantGroup section */

/* Begin XCBuildConfiguration section */
		0C2F9FF927FD127A00014709 /* Debug */ = {
			isa = XCBuildConfiguration;
			buildSettings = {
				ALWAYS_SEARCH_USER_PATHS = NO;
				CLANG_ANALYZER_NONNULL = YES;
				CLANG_ANALYZER_NUMBER_OBJECT_CONVERSION = YES_AGGRESSIVE;
				CLANG_CXX_LANGUAGE_STANDARD = "gnu++17";
				CLANG_ENABLE_MODULES = YES;
				CLANG_ENABLE_OBJC_ARC = YES;
				CLANG_ENABLE_OBJC_WEAK = YES;
				CLANG_WARN_BLOCK_CAPTURE_AUTORELEASING = YES;
				CLANG_WARN_BOOL_CONVERSION = YES;
				CLANG_WARN_COMMA = YES;
				CLANG_WARN_CONSTANT_CONVERSION = YES;
				CLANG_WARN_DEPRECATED_OBJC_IMPLEMENTATIONS = YES;
				CLANG_WARN_DIRECT_OBJC_ISA_USAGE = YES_ERROR;
				CLANG_WARN_DOCUMENTATION_COMMENTS = YES;
				CLANG_WARN_EMPTY_BODY = YES;
				CLANG_WARN_ENUM_CONVERSION = YES;
				CLANG_WARN_INFINITE_RECURSION = YES;
				CLANG_WARN_INT_CONVERSION = YES;
				CLANG_WARN_NON_LITERAL_NULL_CONVERSION = YES;
				CLANG_WARN_OBJC_IMPLICIT_RETAIN_SELF = YES;
				CLANG_WARN_OBJC_LITERAL_CONVERSION = YES;
				CLANG_WARN_OBJC_ROOT_CLASS = YES_ERROR;
				CLANG_WARN_QUOTED_INCLUDE_IN_FRAMEWORK_HEADER = YES;
				CLANG_WARN_RANGE_LOOP_ANALYSIS = YES;
				CLANG_WARN_STRICT_PROTOTYPES = YES;
				CLANG_WARN_SUSPICIOUS_MOVE = YES;
				CLANG_WARN_UNGUARDED_AVAILABILITY = YES_AGGRESSIVE;
				CLANG_WARN_UNREACHABLE_CODE = YES;
				CLANG_WARN__DUPLICATE_METHOD_MATCH = YES;
				COPY_PHASE_STRIP = NO;
				DEBUG_INFORMATION_FORMAT = dwarf;
				ENABLE_STRICT_OBJC_MSGSEND = YES;
				ENABLE_TESTABILITY = YES;
				GCC_C_LANGUAGE_STANDARD = gnu11;
				GCC_DYNAMIC_NO_PIC = NO;
				GCC_NO_COMMON_BLOCKS = YES;
				GCC_OPTIMIZATION_LEVEL = 0;
				GCC_PREPROCESSOR_DEFINITIONS = (
					"DEBUG=1",
					"$(inherited)",
				);
				GCC_WARN_64_TO_32_BIT_CONVERSION = YES;
				GCC_WARN_ABOUT_RETURN_TYPE = YES_ERROR;
				GCC_WARN_UNDECLARED_SELECTOR = YES;
				GCC_WARN_UNINITIALIZED_AUTOS = YES_AGGRESSIVE;
				GCC_WARN_UNUSED_FUNCTION = YES;
				GCC_WARN_UNUSED_VARIABLE = YES;
				IPHONEOS_DEPLOYMENT_TARGET = 15.4;
				MTL_ENABLE_DEBUG_INFO = INCLUDE_SOURCE;
				MTL_FAST_MATH = YES;
				ONLY_ACTIVE_ARCH = YES;
				SDKROOT = iphoneos;
				SWIFT_ACTIVE_COMPILATION_CONDITIONS = DEBUG;
				SWIFT_OPTIMIZATION_LEVEL = "-Onone";
			};
			name = Debug;
		};
		0C2F9FFA27FD127A00014709 /* Release */ = {
			isa = XCBuildConfiguration;
			buildSettings = {
				ALWAYS_SEARCH_USER_PATHS = NO;
				CLANG_ANALYZER_NONNULL = YES;
				CLANG_ANALYZER_NUMBER_OBJECT_CONVERSION = YES_AGGRESSIVE;
				CLANG_CXX_LANGUAGE_STANDARD = "gnu++17";
				CLANG_ENABLE_MODULES = YES;
				CLANG_ENABLE_OBJC_ARC = YES;
				CLANG_ENABLE_OBJC_WEAK = YES;
				CLANG_WARN_BLOCK_CAPTURE_AUTORELEASING = YES;
				CLANG_WARN_BOOL_CONVERSION = YES;
				CLANG_WARN_COMMA = YES;
				CLANG_WARN_CONSTANT_CONVERSION = YES;
				CLANG_WARN_DEPRECATED_OBJC_IMPLEMENTATIONS = YES;
				CLANG_WARN_DIRECT_OBJC_ISA_USAGE = YES_ERROR;
				CLANG_WARN_DOCUMENTATION_COMMENTS = YES;
				CLANG_WARN_EMPTY_BODY = YES;
				CLANG_WARN_ENUM_CONVERSION = YES;
				CLANG_WARN_INFINITE_RECURSION = YES;
				CLANG_WARN_INT_CONVERSION = YES;
				CLANG_WARN_NON_LITERAL_NULL_CONVERSION = YES;
				CLANG_WARN_OBJC_IMPLICIT_RETAIN_SELF = YES;
				CLANG_WARN_OBJC_LITERAL_CONVERSION = YES;
				CLANG_WARN_OBJC_ROOT_CLASS = YES_ERROR;
				CLANG_WARN_QUOTED_INCLUDE_IN_FRAMEWORK_HEADER = YES;
				CLANG_WARN_RANGE_LOOP_ANALYSIS = YES;
				CLANG_WARN_STRICT_PROTOTYPES = YES;
				CLANG_WARN_SUSPICIOUS_MOVE = YES;
				CLANG_WARN_UNGUARDED_AVAILABILITY = YES_AGGRESSIVE;
				CLANG_WARN_UNREACHABLE_CODE = YES;
				CLANG_WARN__DUPLICATE_METHOD_MATCH = YES;
				COPY_PHASE_STRIP = NO;
				DEBUG_INFORMATION_FORMAT = "dwarf-with-dsym";
				ENABLE_NS_ASSERTIONS = NO;
				ENABLE_STRICT_OBJC_MSGSEND = YES;
				GCC_C_LANGUAGE_STANDARD = gnu11;
				GCC_NO_COMMON_BLOCKS = YES;
				GCC_WARN_64_TO_32_BIT_CONVERSION = YES;
				GCC_WARN_ABOUT_RETURN_TYPE = YES_ERROR;
				GCC_WARN_UNDECLARED_SELECTOR = YES;
				GCC_WARN_UNINITIALIZED_AUTOS = YES_AGGRESSIVE;
				GCC_WARN_UNUSED_FUNCTION = YES;
				GCC_WARN_UNUSED_VARIABLE = YES;
				IPHONEOS_DEPLOYMENT_TARGET = 15.4;
				MTL_ENABLE_DEBUG_INFO = NO;
				MTL_FAST_MATH = YES;
				SDKROOT = iphoneos;
				SWIFT_COMPILATION_MODE = wholemodule;
				SWIFT_OPTIMIZATION_LEVEL = "-O";
				VALIDATE_PRODUCT = YES;
			};
			name = Release;
		};
		0C2F9FFC27FD127A00014709 /* Debug */ = {
			isa = XCBuildConfiguration;
			buildSettings = {
				ASSETCATALOG_COMPILER_APPICON_NAME = AppIcon;
				ASSETCATALOG_COMPILER_GLOBAL_ACCENT_COLOR_NAME = AccentColor;
				CODE_SIGN_STYLE = Automatic;
				CURRENT_PROJECT_VERSION = 1;
				DEVELOPMENT_TEAM = Y89LJ6BC92;
				GENERATE_INFOPLIST_FILE = YES;
				INFOPLIST_FILE = BuildingTabBarVC/Info.plist;
				INFOPLIST_KEY_NSPhotoLibraryUsageDescription = "we requires your photo Library";
				INFOPLIST_KEY_UIApplicationSupportsIndirectInputEvents = YES;
				INFOPLIST_KEY_UILaunchStoryboardName = LaunchScreen;
				INFOPLIST_KEY_UIMainStoryboardFile = Main;
				INFOPLIST_KEY_UISupportedInterfaceOrientations_iPad = "UIInterfaceOrientationPortrait UIInterfaceOrientationPortraitUpsideDown UIInterfaceOrientationLandscapeLeft UIInterfaceOrientationLandscapeRight";
				INFOPLIST_KEY_UISupportedInterfaceOrientations_iPhone = "UIInterfaceOrientationPortrait UIInterfaceOrientationLandscapeLeft UIInterfaceOrientationLandscapeRight";
				LD_RUNPATH_SEARCH_PATHS = (
					"$(inherited)",
					"@executable_path/Frameworks",
				);
				MARKETING_VERSION = 1.0;
				PRODUCT_BUNDLE_IDENTIFIER = com.gmail.yyjyyj333.BuildingTabBarVC;
				PRODUCT_NAME = "$(TARGET_NAME)";
				SWIFT_EMIT_LOC_STRINGS = YES;
				SWIFT_VERSION = 5.0;
				TARGETED_DEVICE_FAMILY = "1,2";
			};
			name = Debug;
		};
		0C2F9FFD27FD127A00014709 /* Release */ = {
			isa = XCBuildConfiguration;
			buildSettings = {
				ASSETCATALOG_COMPILER_APPICON_NAME = AppIcon;
				ASSETCATALOG_COMPILER_GLOBAL_ACCENT_COLOR_NAME = AccentColor;
				CODE_SIGN_STYLE = Automatic;
				CURRENT_PROJECT_VERSION = 1;
				DEVELOPMENT_TEAM = Y89LJ6BC92;
				GENERATE_INFOPLIST_FILE = YES;
				INFOPLIST_FILE = BuildingTabBarVC/Info.plist;
				INFOPLIST_KEY_NSPhotoLibraryUsageDescription = "we requires your photo Library";
				INFOPLIST_KEY_UIApplicationSupportsIndirectInputEvents = YES;
				INFOPLIST_KEY_UILaunchStoryboardName = LaunchScreen;
				INFOPLIST_KEY_UIMainStoryboardFile = Main;
				INFOPLIST_KEY_UISupportedInterfaceOrientations_iPad = "UIInterfaceOrientationPortrait UIInterfaceOrientationPortraitUpsideDown UIInterfaceOrientationLandscapeLeft UIInterfaceOrientationLandscapeRight";
				INFOPLIST_KEY_UISupportedInterfaceOrientations_iPhone = "UIInterfaceOrientationPortrait UIInterfaceOrientationLandscapeLeft UIInterfaceOrientationLandscapeRight";
				LD_RUNPATH_SEARCH_PATHS = (
					"$(inherited)",
					"@executable_path/Frameworks",
				);
				MARKETING_VERSION = 1.0;
				PRODUCT_BUNDLE_IDENTIFIER = com.gmail.yyjyyj333.BuildingTabBarVC;
				PRODUCT_NAME = "$(TARGET_NAME)";
				SWIFT_EMIT_LOC_STRINGS = YES;
				SWIFT_VERSION = 5.0;
				TARGETED_DEVICE_FAMILY = "1,2";
			};
			name = Release;
		};
/* End XCBuildConfiguration section */

/* Begin XCConfigurationList section */
		0C2F9FE227FD127900014709 /* Build configuration list for PBXProject "BuildingTabBarVC" */ = {
			isa = XCConfigurationList;
			buildConfigurations = (
				0C2F9FF927FD127A00014709 /* Debug */,
				0C2F9FFA27FD127A00014709 /* Release */,
			);
			defaultConfigurationIsVisible = 0;
			defaultConfigurationName = Release;
		};
		0C2F9FFB27FD127A00014709 /* Build configuration list for PBXNativeTarget "BuildingTabBarVC" */ = {
			isa = XCConfigurationList;
			buildConfigurations = (
				0C2F9FFC27FD127A00014709 /* Debug */,
				0C2F9FFD27FD127A00014709 /* Release */,
			);
			defaultConfigurationIsVisible = 0;
			defaultConfigurationName = Release;
		};
/* End XCConfigurationList section */
	};
	rootObject = 0C2F9FDF27FD127900014709 /* Project object */;
}
